
Microsoft Visual Studio Solution File, Format Version 12.00
# Visual Studio Version 17
VisualStudioVersion = 17.3.32819.101
MinimumVisualStudioVersion = 10.0.40219.1
Project("{FAE04EC0-301F-11D3-BF4B-00C04F79EFBC}") = "HW2_Rorick_GPA", "HW2_Rorick_GPA\HW2_Rorick_GPA.csproj", "{C618C8B1-A938-4829-BCB3-D65F98A4E971}"
EndProject
Project("{FAE04EC0-301F-11D3-BF4B-00C04F79EFBC}") = "HW2_Rorick_FizzBuzz", "HW2_Rorick_FizzBuzz\HW2_Rorick_FizzBuzz.csproj", "{F8C85949-D19C-4D20-BCC4-28BCC9C28EBD}"
EndProject
Global
	GlobalSection(SolutionConfigurationPlatforms) = preSolution
		Debug|Any CPU = Debug|Any CPU
		Release|Any CPU = Release|Any CPU
	EndGlobalSection
	GlobalSection(ProjectConfigurationPlatforms) = postSolution
		{C618C8B1-A938-4829-BCB3-D65F98A4E971}.Debug|Any CPU.ActiveCfg = Debug|Any CPU
		{C618C8B1-A938-4829-BCB3-D65F98A4E971}.Debug|Any CPU.Build.0 = Debug|Any CPU
		{C618C8B1-A938-4829-BCB3-D65F98A4E971}.Release|Any CPU.ActiveCfg = Release|Any CPU
		{C618C8B1-A938-4829-BCB3-D65F98A4E971}.Release|Any CPU.Build.0 = Release|Any CPU
		{F8C85949-D19C-4D20-BCC4-28BCC9C28EBD}.Debug|Any CPU.ActiveCfg = Debug|Any CPU
		{F8C85949-D19C-4D20-BCC4-28BCC9C28EBD}.Debug|Any CPU.Build.0 = Debug|Any CPU
		{F8C85949-D19C-4D20-BCC4-28BCC9C28EBD}.Release|Any CPU.ActiveCfg = Release|Any CPU
		{F8C85949-D19C-4D20-BCC4-28BCC9C28EBD}.Release|Any CPU.Build.0 = Release|Any CPU
	EndGlobalSection
	GlobalSection(SolutionProperties) = preSolution
		HideSolutionNode = FALSE
	EndGlobalSection
	GlobalSection(ExtensibilityGlobals) = postSolution
		SolutionGuid = {391731D3-A853-44AF-B727-D2D7473D86F1}
	EndGlobalSection
EndGlobal
